
Microsoft Visual Studio Solution File, Format Version 12.00
# Visual Studio Version 16
VisualStudioVersion = 16.0.30907.101
MinimumVisualStudioVersion = 10.0.40219.1
Project("{FAE04EC0-301F-11D3-BF4B-00C04F79EFBC}") = "SalesWebMvc", "SalesWebMvc\SalesWebMvc.csproj", "{FA93BF34-B3CC-4278-BB73-D922DD949118}"
EndProject
Global
	GlobalSection(SolutionConfigurationPlatforms) = preSolution
		Debug|Any CPU = Debug|Any CPU
		Release|Any CPU = Release|Any CPU
	EndGlobalSection
	GlobalSection(ProjectConfigurationPlatforms) = postSolution
		{FA93BF34-B3CC-4278-BB73-D922DD949118}.Debug|Any CPU.ActiveCfg = Debug|Any CPU
		{FA93BF34-B3CC-4278-BB73-D922DD949118}.Debug|Any CPU.Build.0 = Debug|Any CPU
		{FA93BF34-B3CC-4278-BB73-D922DD949118}.Release|Any CPU.ActiveCfg = Release|Any CPU
		{FA93BF34-B3CC-4278-BB73-D922DD949118}.Release|Any CPU.Build.0 = Release|Any CPU
	EndGlobalSection
	GlobalSection(SolutionProperties) = preSolution
		HideSolutionNode = FALSE
	EndGlobalSection
	GlobalSection(ExtensibilityGlobals) = postSolution
		SolutionGuid = {D59EB155-9927-4766-B9F6-885CBFBF617D}
	EndGlobalSection
EndGlobal
